// !$*UTF8*$!
{
	archiveVersion = 1;
	classes = {
	};
	objectVersion = 77;
	objects = {

/* Begin PBXContainerItemProxy section */
		F185EA612E33B54200FDBC01 /* PBXContainerItemProxy */ = {
			isa = PBXContainerItemProxy;
			containerPortal = F185EA422E33B54100FDBC01 /* Project object */;
			proxyType = 1;
			remoteGlobalIDString = F185EA492E33B54100FDBC01;
			remoteInfo = miniAI;
		};
		F185EA6B2E33B54200FDBC01 /* PBXContainerItemProxy */ = {
			isa = PBXContainerItemProxy;
			containerPortal = F185EA422E33B54100FDBC01 /* Project object */;
			proxyType = 1;
			remoteGlobalIDString = F185EA492E33B54100FDBC01;
			remoteInfo = miniAI;
		};
/* End PBXContainerItemProxy section */

/* Begin PBXFileReference section */
		F185EA4A2E33B54100FDBC01 /* miniAI.app */ = {isa = PBXFileReference; explicitFileType = wrapper.application; includeInIndex = 0; path = miniAI.app; sourceTree = BUILT_PRODUCTS_DIR; };
		F185EA602E33B54200FDBC01 /* miniAITests.xctest */ = {isa = PBXFileReference; explicitFileType = wrapper.cfbundle; includeInIndex = 0; path = miniAITests.xctest; sourceTree = BUILT_PRODUCTS_DIR; };
		F185EA6A2E33B54200FDBC01 /* miniAIUITests.xctest */ = {isa = PBXFileReference; explicitFileType = wrapper.cfbundle; includeInIndex = 0; path = miniAIUITests.xctest; sourceTree = BUILT_PRODUCTS_DIR; };
/* End PBXFileReference section */

/* Begin PBXFileSystemSynchronizedBuildFileExceptionSet section */
		F185EA722E33B54200FDBC01 /* Exceptions for "miniAI" folder in "miniAI" target */ = {
			isa = PBXFileSystemSynchronizedBuildFileExceptionSet;
			membershipExceptions = (
				Info.plist,
			);
			target = F185EA492E33B54100FDBC01 /* miniAI */;
		};
/* End PBXFileSystemSynchronizedBuildFileExceptionSet section */

/* Begin PBXFileSystemSynchronizedRootGroup section */
		F185EA4C2E33B54100FDBC01 /* miniAI */ = {
			isa = PBXFileSystemSynchronizedRootGroup;
			exceptions = (
				F185EA722E33B54200FDBC01 /* Exceptions for "miniAI" folder in "miniAI" target */,
			);
			path = miniAI;
			sourceTree = "<group>";
		};
		F185EA632E33B54200FDBC01 /* miniAITests */ = {
			isa = PBXFileSystemSynchronizedRootGroup;
			path = miniAITests;
			sourceTree = "<group>";
		};
		F185EA6D2E33B54200FDBC01 /* miniAIUITests */ = {
			isa = PBXFileSystemSynchronizedRootGroup;
			path = miniAIUITests;
			sourceTree = "<group>";
		};
/* End PBXFileSystemSynchronizedRootGroup section */

/* Begin PBXFrameworksBuildPhase section */
		F185EA472E33B54100FDBC01 /* Frameworks */ = {
			isa = PBXFrameworksBuildPhase;
			buildActionMask = 2147483647;
			files = (
			);
			runOnlyForDeploymentPostprocessing = 0;
		};
		F185EA5D2E33B54200FDBC01 /* Frameworks */ = {
			isa = PBXFrameworksBuildPhase;
			buildActionMask = 2147483647;
			files = (
			);
			runOnlyForDeploymentPostprocessing = 0;
		};
		F185EA672E33B54200FDBC01 /* Frameworks */ = {
			isa = PBXFrameworksBuildPhase;
			buildActionMask = 2147483647;
			files = (
			);
			runOnlyForDeploymentPostprocessing = 0;
		};
/* End PBXFrameworksBuildPhase section */

/* Begin PBXGroup section */
		F185EA412E33B54100FDBC01 = {
			isa = PBXGroup;
			children = (
				F185EA4C2E33B54100FDBC01 /* miniAI */,
				F185EA632E33B54200FDBC01 /* miniAITests */,
				F185EA6D2E33B54200FDBC01 /* miniAIUITests */,
				F185EA4B2E33B54100FDBC01 /* Products */,
			);
			sourceTree = "<group>";
		};
		F185EA4B2E33B54100FDBC01 /* Products */ = {
			isa = PBXGroup;
			children = (
				F185EA4A2E33B54100FDBC01 /* miniAI.app */,
				F185EA602E33B54200FDBC01 /* miniAITests.xctest */,
				F185EA6A2E33B54200FDBC01 /* miniAIUITests.xctest */,
			);
			name = Products;
			sourceTree = "<group>";
		};
/* End PBXGroup section */

/* Begin PBXNativeTarget section */
		F185EA492E33B54100FDBC01 /* miniAI */ = {
			isa = PBXNativeTarget;
			buildConfigurationList = F185EA732E33B54200FDBC01 /* Build configuration list for PBXNativeTarget "miniAI" */;
			buildPhases = (
				F185EA462E33B54100FDBC01 /* Sources */,
				F185EA472E33B54100FDBC01 /* Frameworks */,
				F185EA482E33B54100FDBC01 /* Resources */,
			);
			buildRules = (
			);
			dependencies = (
			);
			fileSystemSynchronizedGroups = (
				F185EA4C2E33B54100FDBC01 /* miniAI */,
			);
			name = miniAI;
			packageProductDependencies = (
			);
			productName = miniAI;
			productReference = F185EA4A2E33B54100FDBC01 /* miniAI.app */;
			productType = "com.apple.product-type.application";
		};
		F185EA5F2E33B54200FDBC01 /* miniAITests */ = {
			isa = PBXNativeTarget;
			buildConfigurationList = F185EA782E33B54200FDBC01 /* Build configuration list for PBXNativeTarget "miniAITests" */;
			buildPhases = (
				F185EA5C2E33B54200FDBC01 /* Sources */,
				F185EA5D2E33B54200FDBC01 /* Frameworks */,
				F185EA5E2E33B54200FDBC01 /* Resources */,
			);
			buildRules = (
			);
			dependencies = (
				F185EA622E33B54200FDBC01 /* PBXTargetDependency */,
			);
			fileSystemSynchronizedGroups = (
				F185EA632E33B54200FDBC01 /* miniAITests */,
			);
			name = miniAITests;
			packageProductDependencies = (
			);
			productName = miniAITests;
			productReference = F185EA602E33B54200FDBC01 /* miniAITests.xctest */;
			productType = "com.apple.product-type.bundle.unit-test";
		};
		F185EA692E33B54200FDBC01 /* miniAIUITests */ = {
			isa = PBXNativeTarget;
			buildConfigurationList = F185EA7B2E33B54200FDBC01 /* Build configuration list for PBXNativeTarget "miniAIUITests" */;
			buildPhases = (
				F185EA662E33B54200FDBC01 /* Sources */,
				F185EA672E33B54200FDBC01 /* Frameworks */,
				F185EA682E33B54200FDBC01 /* Resources */,
			);
			buildRules = (
			);
			dependencies = (
				F185EA6C2E33B54200FDBC01 /* PBXTargetDependency */,
			);
			fileSystemSynchronizedGroups = (
				F185EA6D2E33B54200FDBC01 /* miniAIUITests */,
			);
			name = miniAIUITests;
			packageProductDependencies = (
			);
			productName = miniAIUITests;
			productReference = F185EA6A2E33B54200FDBC01 /* miniAIUITests.xctest */;
			productType = "com.apple.product-type.bundle.ui-testing";
		};
/* End PBXNativeTarget section */

/* Begin PBXProject section */
		F185EA422E33B54100FDBC01 /* Project object */ = {
			isa = PBXProject;
			attributes = {
				BuildIndependentTargetsInParallel = 1;
				LastSwiftUpdateCheck = 1640;
				LastUpgradeCheck = 1640;
				TargetAttributes = {
					F185EA492E33B54100FDBC01 = {
						CreatedOnToolsVersion = 16.4;
					};
					F185EA5F2E33B54200FDBC01 = {
						CreatedOnToolsVersion = 16.4;
						TestTargetID = F185EA492E33B54100FDBC01;
					};
					F185EA692E33B54200FDBC01 = {
						CreatedOnToolsVersion = 16.4;
						TestTargetID = F185EA492E33B54100FDBC01;
					};
				};
			};
			buildConfigurationList = F185EA452E33B54100FDBC01 /* Build configuration list for PBXProject "miniAI" */;
			developmentRegion = en;
			hasScannedForEncodings = 0;
			knownRegions = (
				en,
				Base,
			);
			mainGroup = F185EA412E33B54100FDBC01;
			minimizedProjectReferenceProxies = 1;
			preferredProjectObjectVersion = 77;
			productRefGroup = F185EA4B2E33B54100FDBC01 /* Products */;
			projectDirPath = "";
			projectRoot = "";
			targets = (
				F185EA492E33B54100FDBC01 /* miniAI */,
				F185EA5F2E33B54200FDBC01 /* miniAITests */,
				F185EA692E33B54200FDBC01 /* miniAIUITests */,
			);
		};
/* End PBXProject section */

/* Begin PBXResourcesBuildPhase section */
		F185EA482E33B54100FDBC01 /* Resources */ = {
			isa = PBXResourcesBuildPhase;
			buildActionMask = 2147483647;
			files = (
			);
			runOnlyForDeploymentPostprocessing = 0;
		};
		F185EA5E2E33B54200FDBC01 /* Resources */ = {
			isa = PBXResourcesBuildPhase;
			buildActionMask = 2147483647;
			files = (
			);
			runOnlyForDeploymentPostprocessing = 0;
		};
		F185EA682E33B54200FDBC01 /* Resources */ = {
			isa = PBXResourcesBuildPhase;
			buildActionMask = 2147483647;
			files = (
			);
			runOnlyForDeploymentPostprocessing = 0;
		};
/* End PBXResourcesBuildPhase section */

/* Begin PBXSourcesBuildPhase section */
		F185EA462E33B54100FDBC01 /* Sources */ = {
			isa = PBXSourcesBuildPhase;
			buildActionMask = 2147483647;
			files = (
			);
			runOnlyForDeploymentPostprocessing = 0;
		};
		F185EA5C2E33B54200FDBC01 /* Sources */ = {
			isa = PBXSourcesBuildPhase;
			buildActionMask = 2147483647;
			files = (
			);
			runOnlyForDeploymentPostprocessing = 0;
		};
		F185EA662E33B54200FDBC01 /* Sources */ = {
			isa = PBXSourcesBuildPhase;
			buildActionMask = 2147483647;
			files = (
			);
			runOnlyForDeploymentPostprocessing = 0;
		};
/* End PBXSourcesBuildPhase section */

/* Begin PBXTargetDependency section */
		F185EA622E33B54200FDBC01 /* PBXTargetDependency */ = {
			isa = PBXTargetDependency;
			target = F185EA492E33B54100FDBC01 /* miniAI */;
			targetProxy = F185EA612E33B54200FDBC01 /* PBXContainerItemProxy */;
		};
		F185EA6C2E33B54200FDBC01 /* PBXTargetDependency */ = {
			isa = PBXTargetDependency;
			target = F185EA492E33B54100FDBC01 /* miniAI */;
			targetProxy = F185EA6B2E33B54200FDBC01 /* PBXContainerItemProxy */;
		};
/* End PBXTargetDependency section */

/* Begin XCBuildConfiguration section */
		F185EA742E33B54200FDBC01 /* Debug */ = {
			isa = XCBuildConfiguration;
			buildSettings = {
				ASSETCATALOG_COMPILER_APPICON_NAME = AppIcon;
				ASSETCATALOG_COMPILER_GLOBAL_ACCENT_COLOR_NAME = AccentColor;
				CODE_SIGN_STYLE = Automatic;
				CURRENT_PROJECT_VERSION = 1;
				DEVELOPMENT_TEAM = AFXYLNW6L3;
				GENERATE_INFOPLIST_FILE = YES;
				INFOPLIST_FILE = miniAI/Info.plist;
				INFOPLIST_KEY_UIApplicationSupportsIndirectInputEvents = YES;
				INFOPLIST_KEY_UILaunchStoryboardName = LaunchScreen;
				INFOPLIST_KEY_UISupportedInterfaceOrientations_iPad = "UIInterfaceOrientationPortrait UIInterfaceOrientationPortraitUpsideDown UIInterfaceOrientationLandscapeLeft UIInterfaceOrientationLandscapeRight";
				INFOPLIST_KEY_UISupportedInterfaceOrientations_iPhone = "UIInterfaceOrientationPortrait UIInterfaceOrientationLandscapeLeft UIInterfaceOrientationLandscapeRight";
				LD_RUNPATH_SEARCH_PATHS = (
					"$(inherited)",
					"@executable_path/Frameworks",
				);
				MARKETING_VERSION = 1.0;
				PRODUCT_BUNDLE_IDENTIFIER = zauTT.miniAI;
				PRODUCT_NAME = "$(TARGET_NAME)";
				SWIFT_EMIT_LOC_STRINGS = YES;
				SWIFT_VERSION = 5.0;
				TARGETED_DEVICE_FAMILY = "1,2";
			};
			name = Debug;
		};
		F185EA752E33B54200FDBC01 /* Release */ = {
			isa = XCBuildConfiguration;
			buildSettings = {
				ASSETCATALOG_COMPILER_APPICON_NAME = AppIcon;
				ASSETCATALOG_COMPILER_GLOBAL_ACCENT_COLOR_NAME = AccentColor;
				CODE_SIGN_STYLE = Automatic;
				CURRENT_PROJECT_VERSION = 1;
				DEVELOPMENT_TEAM = AFXYLNW6L3;
				GENERATE_INFOPLIST_FILE = YES;
				INFOPLIST_FILE = miniAI/Info.plist;
				INFOPLIST_KEY_UIApplicationSupportsIndirectInputEvents = YES;
				INFOPLIST_KEY_UILaunchStoryboardName = LaunchScreen;
				INFOPLIST_KEY_UISupportedInterfaceOrientations_iPad = "UIInterfaceOrientationPortrait UIInterfaceOrientationPortraitUpsideDown UIInterfaceOrientationLandscapeLeft UIInterfaceOrientationLandscapeRight";
				INFOPLIST_KEY_UISupportedInterfaceOrientations_iPhone = "UIInterfaceOrientationPortrait UIInterfaceOrientationLandscapeLeft UIInterfaceOrientationLandscapeRight";
				LD_RUNPATH_SEARCH_PATHS = (
					"$(inherited)",
					"@executable_path/Frameworks",
				);
				MARKETING_VERSION = 1.0;
				PRODUCT_BUNDLE_IDENTIFIER = zauTT.miniAI;
				PRODUCT_NAME = "$(TARGET_NAME)";
				SWIFT_EMIT_LOC_STRINGS = YES;
				SWIFT_VERSION = 5.0;
				TARGETED_DEVICE_FAMILY = "1,2";
			};
			name = Release;
		};
		F185EA762E33B54200FDBC01 /* Debug */ = {
			isa = XCBuildConfiguration;
			buildSettings = {
				ALWAYS_SEARCH_USER_PATHS = NO;
				ASSETCATALOG_COMPILER_GENERATE_SWIFT_ASSET_SYMBOL_EXTENSIONS = YES;
				CLANG_ANALYZER_NONNULL = YES;
				CLANG_ANALYZER_NUMBER_OBJECT_CONVERSION = YES_AGGRESSIVE;
				CLANG_CXX_LANGUAGE_STANDARD = "gnu++20";
				CLANG_ENABLE_MODULES = YES;
				CLANG_ENABLE_OBJC_ARC = YES;
				CLANG_ENABLE_OBJC_WEAK = YES;
				CLANG_WARN_BLOCK_CAPTURE_AUTORELEASING = YES;
				CLANG_WARN_BOOL_CONVERSION = YES;
				CLANG_WARN_COMMA = YES;
				CLANG_WARN_CONSTANT_CONVERSION = YES;
				CLANG_WARN_DEPRECATED_OBJC_IMPLEMENTATIONS = YES;
				CLANG_WARN_DIRECT_OBJC_ISA_USAGE = YES_ERROR;
				CLANG_WARN_DOCUMENTATION_COMMENTS = YES;
				CLANG_WARN_EMPTY_BODY = YES;
				CLANG_WARN_ENUM_CONVERSION = YES;
				CLANG_WARN_INFINITE_RECURSION = YES;
				CLANG_WARN_INT_CONVERSION = YES;
				CLANG_WARN_NON_LITERAL_NULL_CONVERSION = YES;
				CLANG_WARN_OBJC_IMPLICIT_RETAIN_SELF = YES;
				CLANG_WARN_OBJC_LITERAL_CONVERSION = YES;
				CLANG_WARN_OBJC_ROOT_CLASS = YES_ERROR;
				CLANG_WARN_QUOTED_INCLUDE_IN_FRAMEWORK_HEADER = YES;
				CLANG_WARN_RANGE_LOOP_ANALYSIS = YES;
				CLANG_WARN_STRICT_PROTOTYPES = YES;
				CLANG_WARN_SUSPICIOUS_MOVE = YES;
				CLANG_WARN_UNGUARDED_AVAILABILITY = YES_AGGRESSIVE;
				CLANG_WARN_UNREACHABLE_CODE = YES;
				CLANG_WARN__DUPLICATE_METHOD_MATCH = YES;
				COPY_PHASE_STRIP = NO;
				DEBUG_INFORMATION_FORMAT = dwarf;
				DEVELOPMENT_TEAM = AFXYLNW6L3;
				ENABLE_STRICT_OBJC_MSGSEND = YES;
				ENABLE_TESTABILITY = YES;
				ENABLE_USER_SCRIPT_SANDBOXING = YES;
				GCC_C_LANGUAGE_STANDARD = gnu17;
				GCC_DYNAMIC_NO_PIC = NO;
				GCC_NO_COMMON_BLOCKS = YES;
				GCC_OPTIMIZATION_LEVEL = 0;
				GCC_PREPROCESSOR_DEFINITIONS = (
					"DEBUG=1",
					"$(inherited)",
				);
				GCC_WARN_64_TO_32_BIT_CONVERSION = YES;
				GCC_WARN_ABOUT_RETURN_TYPE = YES_ERROR;
				GCC_WARN_UNDECLARED_SELECTOR = YES;
				GCC_WARN_UNINITIALIZED_AUTOS = YES_AGGRESSIVE;
				GCC_WARN_UNUSED_FUNCTION = YES;
				GCC_WARN_UNUSED_VARIABLE = YES;
				IPHONEOS_DEPLOYMENT_TARGET = 18.5;
				LOCALIZATION_PREFERS_STRING_CATALOGS = YES;
				MTL_ENABLE_DEBUG_INFO = INCLUDE_SOURCE;
				MTL_FAST_MATH = YES;
				ONLY_ACTIVE_ARCH = YES;
				SDKROOT = iphoneos;
				SWIFT_ACTIVE_COMPILATION_CONDITIONS = "DEBUG $(inherited)";
				SWIFT_OPTIMIZATION_LEVEL = "-Onone";
			};
			name = Debug;
		};
		F185EA772E33B54200FDBC01 /* Release */ = {
			isa = XCBuildConfiguration;
			buildSettings = {
				ALWAYS_SEARCH_USER_PATHS = NO;
				ASSETCATALOG_COMPILER_GENERATE_SWIFT_ASSET_SYMBOL_EXTENSIONS = YES;
				CLANG_ANALYZER_NONNULL = YES;
				CLANG_ANALYZER_NUMBER_OBJECT_CONVERSION = YES_AGGRESSIVE;
				CLANG_CXX_LANGUAGE_STANDARD = "gnu++20";
				CLANG_ENABLE_MODULES = YES;
				CLANG_ENABLE_OBJC_ARC = YES;
				CLANG_ENABLE_OBJC_WEAK = YES;
				CLANG_WARN_BLOCK_CAPTURE_AUTORELEASING = YES;
				CLANG_WARN_BOOL_CONVERSION = YES;
				CLANG_WARN_COMMA = YES;
				CLANG_WARN_CONSTANT_CONVERSION = YES;
				CLANG_WARN_DEPRECATED_OBJC_IMPLEMENTATIONS = YES;
				CLANG_WARN_DIRECT_OBJC_ISA_USAGE = YES_ERROR;
				CLANG_WARN_DOCUMENTATION_COMMENTS = YES;
				CLANG_WARN_EMPTY_BODY = YES;
				CLANG_WARN_ENUM_CONVERSION = YES;
				CLANG_WARN_INFINITE_RECURSION = YES;
				CLANG_WARN_INT_CONVERSION = YES;
				CLANG_WARN_NON_LITERAL_NULL_CONVERSION = YES;
				CLANG_WARN_OBJC_IMPLICIT_RETAIN_SELF = YES;
				CLANG_WARN_OBJC_LITERAL_CONVERSION = YES;
				CLANG_WARN_OBJC_ROOT_CLASS = YES_ERROR;
				CLANG_WARN_QUOTED_INCLUDE_IN_FRAMEWORK_HEADER = YES;
				CLANG_WARN_RANGE_LOOP_ANALYSIS = YES;
				CLANG_WARN_STRICT_PROTOTYPES = YES;
				CLANG_WARN_SUSPICIOUS_MOVE = YES;
				CLANG_WARN_UNGUARDED_AVAILABILITY = YES_AGGRESSIVE;
				CLANG_WARN_UNREACHABLE_CODE = YES;
				CLANG_WARN__DUPLICATE_METHOD_MATCH = YES;
				COPY_PHASE_STRIP = NO;
				DEBUG_INFORMATION_FORMAT = "dwarf-with-dsym";
				DEVELOPMENT_TEAM = AFXYLNW6L3;
				ENABLE_NS_ASSERTIONS = NO;
				ENABLE_STRICT_OBJC_MSGSEND = YES;
				ENABLE_USER_SCRIPT_SANDBOXING = YES;
				GCC_C_LANGUAGE_STANDARD = gnu17;
				GCC_NO_COMMON_BLOCKS = YES;
				GCC_WARN_64_TO_32_BIT_CONVERSION = YES;
				GCC_WARN_ABOUT_RETURN_TYPE = YES_ERROR;
				GCC_WARN_UNDECLARED_SELECTOR = YES;
				GCC_WARN_UNINITIALIZED_AUTOS = YES_AGGRESSIVE;
				GCC_WARN_UNUSED_FUNCTION = YES;
				GCC_WARN_UNUSED_VARIABLE = YES;
				IPHONEOS_DEPLOYMENT_TARGET = 18.5;
				LOCALIZATION_PREFERS_STRING_CATALOGS = YES;
				MTL_ENABLE_DEBUG_INFO = NO;
				MTL_FAST_MATH = YES;
				SDKROOT = iphoneos;
				SWIFT_COMPILATION_MODE = wholemodule;
				VALIDATE_PRODUCT = YES;
			};
			name = Release;
		};
		F185EA792E33B54200FDBC01 /* Debug */ = {
			isa = XCBuildConfiguration;
			buildSettings = {
				BUNDLE_LOADER = "$(TEST_HOST)";
				CODE_SIGN_STYLE = Automatic;
				CURRENT_PROJECT_VERSION = 1;
				DEVELOPMENT_TEAM = AFXYLNW6L3;
				GENERATE_INFOPLIST_FILE = YES;
				IPHONEOS_DEPLOYMENT_TARGET = 18.5;
				MARKETING_VERSION = 1.0;
				PRODUCT_BUNDLE_IDENTIFIER = zauTT.miniAITests;
				PRODUCT_NAME = "$(TARGET_NAME)";
				SWIFT_EMIT_LOC_STRINGS = NO;
				SWIFT_VERSION = 5.0;
				TARGETED_DEVICE_FAMILY = "1,2";
				TEST_HOST = "$(BUILT_PRODUCTS_DIR)/miniAI.app/$(BUNDLE_EXECUTABLE_FOLDER_PATH)/miniAI";
			};
			name = Debug;
		};
		F185EA7A2E33B54200FDBC01 /* Release */ = {
			isa = XCBuildConfiguration;
			buildSettings = {
				BUNDLE_LOADER = "$(TEST_HOST)";
				CODE_SIGN_STYLE = Automatic;
				CURRENT_PROJECT_VERSION = 1;
				DEVELOPMENT_TEAM = AFXYLNW6L3;
				GENERATE_INFOPLIST_FILE = YES;
				IPHONEOS_DEPLOYMENT_TARGET = 18.5;
				MARKETING_VERSION = 1.0;
				PRODUCT_BUNDLE_IDENTIFIER = zauTT.miniAITests;
				PRODUCT_NAME = "$(TARGET_NAME)";
				SWIFT_EMIT_LOC_STRINGS = NO;
				SWIFT_VERSION = 5.0;
				TARGETED_DEVICE_FAMILY = "1,2";
				TEST_HOST = "$(BUILT_PRODUCTS_DIR)/miniAI.app/$(BUNDLE_EXECUTABLE_FOLDER_PATH)/miniAI";
			};
			name = Release;
		};
		F185EA7C2E33B54200FDBC01 /* Debug */ = {
			isa = XCBuildConfiguration;
			buildSettings = {
				CODE_SIGN_STYLE = Automatic;
				CURRENT_PROJECT_VERSION = 1;
				DEVELOPMENT_TEAM = AFXYLNW6L3;
				GENERATE_INFOPLIST_FILE = YES;
				MARKETING_VERSION = 1.0;
				PRODUCT_BUNDLE_IDENTIFIER = zauTT.miniAIUITests;
				PRODUCT_NAME = "$(TARGET_NAME)";
				SWIFT_EMIT_LOC_STRINGS = NO;
				SWIFT_VERSION = 5.0;
				TARGETED_DEVICE_FAMILY = "1,2";
				TEST_TARGET_NAME = miniAI;
			};
			name = Debug;
		};
		F185EA7D2E33B54200FDBC01 /* Release */ = {
			isa = XCBuildConfiguration;
			buildSettings = {
				CODE_SIGN_STYLE = Automatic;
				CURRENT_PROJECT_VERSION = 1;
				DEVELOPMENT_TEAM = AFXYLNW6L3;
				GENERATE_INFOPLIST_FILE = YES;
				MARKETING_VERSION = 1.0;
				PRODUCT_BUNDLE_IDENTIFIER = zauTT.miniAIUITests;
				PRODUCT_NAME = "$(TARGET_NAME)";
				SWIFT_EMIT_LOC_STRINGS = NO;
				SWIFT_VERSION = 5.0;
				TARGETED_DEVICE_FAMILY = "1,2";
				TEST_TARGET_NAME = miniAI;
			};
			name = Release;
		};
/* End XCBuildConfiguration section */

/* Begin XCConfigurationList section */
		F185EA452E33B54100FDBC01 /* Build configuration list for PBXProject "miniAI" */ = {
			isa = XCConfigurationList;
			buildConfigurations = (
				F185EA762E33B54200FDBC01 /* Debug */,
				F185EA772E33B54200FDBC01 /* Release */,
			);
			defaultConfigurationIsVisible = 0;
			defaultConfigurationName = Release;
		};
		F185EA732E33B54200FDBC01 /* Build configuration list for PBXNativeTarget "miniAI" */ = {
			isa = XCConfigurationList;
			buildConfigurations = (
				F185EA742E33B54200FDBC01 /* Debug */,
				F185EA752E33B54200FDBC01 /* Release */,
			);
			defaultConfigurationIsVisible = 0;
			defaultConfigurationName = Release;
		};
		F185EA782E33B54200FDBC01 /* Build configuration list for PBXNativeTarget "miniAITests" */ = {
			isa = XCConfigurationList;
			buildConfigurations = (
				F185EA792E33B54200FDBC01 /* Debug */,
				F185EA7A2E33B54200FDBC01 /* Release */,
			);
			defaultConfigurationIsVisible = 0;
			defaultConfigurationName = Release;
		};
		F185EA7B2E33B54200FDBC01 /* Build configuration list for PBXNativeTarget "miniAIUITests" */ = {
			isa = XCConfigurationList;
			buildConfigurations = (
				F185EA7C2E33B54200FDBC01 /* Debug */,
				F185EA7D2E33B54200FDBC01 /* Release */,
			);
			defaultConfigurationIsVisible = 0;
			defaultConfigurationName = Release;
		};
/* End XCConfigurationList section */
	};
	rootObject = F185EA422E33B54100FDBC01 /* Project object */;
}
